
Microsoft Visual Studio Solution File, Format Version 12.00
# Visual Studio 15
VisualStudioVersion = 15.0.28307.168
MinimumVisualStudioVersion = 10.0.40219.1
Project("{FAE04EC0-301F-11D3-BF4B-00C04F79EFBC}") = "fileReaderWPF", "fileReaderWPF\fileReaderWPF.csproj", "{8B61F9BC-BCDF-4948-B7E3-45CEA83360B1}"
EndProject
Project("{FAE04EC0-301F-11D3-BF4B-00C04F79EFBC}") = "fileReaderWPF.Base", "fileReaderWPF.Base\fileReaderWPF.Base.csproj", "{808200E3-462D-4579-B14B-517C30790EE3}"
EndProject
Project("{FAE04EC0-301F-11D3-BF4B-00C04F79EFBC}") = "fileReaderWPF.Configuration", "fileReaderWPF.Configuration\fileReaderWPF.Configuration.csproj", "{611D7034-CF9A-4E48-B964-76C74783D127}"
EndProject
Project("{FAE04EC0-301F-11D3-BF4B-00C04F79EFBC}") = "fileReaderWPF.Test", "fileReaderWPF.Test\fileReaderWPF.Test.csproj", "{F9687DFA-0829-4FDB-BED2-8A00D67CEF1F}"
EndProject
Project("{FAE04EC0-301F-11D3-BF4B-00C04F79EFBC}") = "fileReaderWPF.Repository", "fileReaderWPF.Repository\fileReaderWPF.Repository.csproj", "{5785C632-E3A2-4FA5-B0F1-AED9AA2D9CA3}"
EndProject
Project("{FAE04EC0-301F-11D3-BF4B-00C04F79EFBC}") = "fileReaderWPF.Logic", "fileReaderWPF.Logic\fileReaderWPF.Logic.csproj", "{E7C39489-E5A3-4868-B074-7F0820F94858}"
EndProject
Project("{2150E333-8FDC-42A3-9474-1A3956D46DE8}") = "Solution Items", "Solution Items", "{566CF48D-A3C1-402F-A0B1-0586A9339EF2}"
	ProjectSection(SolutionItems) = preProject
		.gitattributes = .gitattributes
		.gitignore = .gitignore
	EndProjectSection
EndProject
Project("{FAE04EC0-301F-11D3-BF4B-00C04F79EFBC}") = "fileReaderWPF.Services", "fileReaderWPF.Services\fileReaderWPF.Services.csproj", "{4615E753-3C6C-44B3-BD56-9FDB2A8E4EDF}"
EndProject
Global
	GlobalSection(SolutionConfigurationPlatforms) = preSolution
		Debug|Any CPU = Debug|Any CPU
		Release|Any CPU = Release|Any CPU
	EndGlobalSection
	GlobalSection(ProjectConfigurationPlatforms) = postSolution
		{8B61F9BC-BCDF-4948-B7E3-45CEA83360B1}.Debug|Any CPU.ActiveCfg = Debug|Any CPU
		{8B61F9BC-BCDF-4948-B7E3-45CEA83360B1}.Debug|Any CPU.Build.0 = Debug|Any CPU
		{8B61F9BC-BCDF-4948-B7E3-45CEA83360B1}.Release|Any CPU.ActiveCfg = Release|Any CPU
		{8B61F9BC-BCDF-4948-B7E3-45CEA83360B1}.Release|Any CPU.Build.0 = Release|Any CPU
		{808200E3-462D-4579-B14B-517C30790EE3}.Debug|Any CPU.ActiveCfg = Debug|Any CPU
		{808200E3-462D-4579-B14B-517C30790EE3}.Debug|Any CPU.Build.0 = Debug|Any CPU
		{808200E3-462D-4579-B14B-517C30790EE3}.Release|Any CPU.ActiveCfg = Release|Any CPU
		{808200E3-462D-4579-B14B-517C30790EE3}.Release|Any CPU.Build.0 = Release|Any CPU
		{611D7034-CF9A-4E48-B964-76C74783D127}.Debug|Any CPU.ActiveCfg = Debug|Any CPU
		{611D7034-CF9A-4E48-B964-76C74783D127}.Debug|Any CPU.Build.0 = Debug|Any CPU
		{611D7034-CF9A-4E48-B964-76C74783D127}.Release|Any CPU.ActiveCfg = Release|Any CPU
		{611D7034-CF9A-4E48-B964-76C74783D127}.Release|Any CPU.Build.0 = Release|Any CPU
		{F9687DFA-0829-4FDB-BED2-8A00D67CEF1F}.Debug|Any CPU.ActiveCfg = Debug|Any CPU
		{F9687DFA-0829-4FDB-BED2-8A00D67CEF1F}.Debug|Any CPU.Build.0 = Debug|Any CPU
		{F9687DFA-0829-4FDB-BED2-8A00D67CEF1F}.Release|Any CPU.ActiveCfg = Release|Any CPU
		{F9687DFA-0829-4FDB-BED2-8A00D67CEF1F}.Release|Any CPU.Build.0 = Release|Any CPU
		{5785C632-E3A2-4FA5-B0F1-AED9AA2D9CA3}.Debug|Any CPU.ActiveCfg = Debug|Any CPU
		{5785C632-E3A2-4FA5-B0F1-AED9AA2D9CA3}.Debug|Any CPU.Build.0 = Debug|Any CPU
		{5785C632-E3A2-4FA5-B0F1-AED9AA2D9CA3}.Release|Any CPU.ActiveCfg = Release|Any CPU
		{5785C632-E3A2-4FA5-B0F1-AED9AA2D9CA3}.Release|Any CPU.Build.0 = Release|Any CPU
		{E7C39489-E5A3-4868-B074-7F0820F94858}.Debug|Any CPU.ActiveCfg = Debug|Any CPU
		{E7C39489-E5A3-4868-B074-7F0820F94858}.Debug|Any CPU.Build.0 = Debug|Any CPU
		{E7C39489-E5A3-4868-B074-7F0820F94858}.Release|Any CPU.ActiveCfg = Release|Any CPU
		{E7C39489-E5A3-4868-B074-7F0820F94858}.Release|Any CPU.Build.0 = Release|Any CPU
		{4615E753-3C6C-44B3-BD56-9FDB2A8E4EDF}.Debug|Any CPU.ActiveCfg = Debug|Any CPU
		{4615E753-3C6C-44B3-BD56-9FDB2A8E4EDF}.Debug|Any CPU.Build.0 = Debug|Any CPU
		{4615E753-3C6C-44B3-BD56-9FDB2A8E4EDF}.Release|Any CPU.ActiveCfg = Release|Any CPU
		{4615E753-3C6C-44B3-BD56-9FDB2A8E4EDF}.Release|Any CPU.Build.0 = Release|Any CPU
	EndGlobalSection
	GlobalSection(SolutionProperties) = preSolution
		HideSolutionNode = FALSE
	EndGlobalSection
	GlobalSection(ExtensibilityGlobals) = postSolution
		SolutionGuid = {A9B785DE-B420-4DCD-B682-EEC1D8D5FA12}
	EndGlobalSection
EndGlobal
